<?xml version="1.0" encoding="utf-8"?>
<Project ToolsVersion="4.0" xmlns="http://schemas.microsoft.com/developer/msbuild/2003">
  <ItemGroup>
    <Filter Include="Source Files">
      <UniqueIdentifier>{4FC737F1-C7A5-4376-A066-2A32D752A2FF}</UniqueIdentifier>
      <Extensions>cpp;c;cc;cxx;c++;cppm;ixx;def;odl;idl;hpj;bat;asm;asmx</Extensions>
    </Filter>
    <Filter Include="Header Files">
      <UniqueIdentifier>{93995380-89BD-4b04-88EB-625FBE52EBFB}</UniqueIdentifier>
      <Extensions>h;hh;hpp;hxx;h++;hm;inl;inc;ipp;xsd</Extensions>
    </Filter>
    <Filter Include="Resource Files">
      <UniqueIdentifier>{67DA6AB6-F800-4c08-8B7A-83BB121AAD01}</UniqueIdentifier>
      <Extensions>rc;ico;cur;bmp;dlg;rc2;rct;bin;rgs;gif;jpg;jpeg;jpe;resx;tiff;tif;png;wav;mfcribbon-ms</Extensions>
    </Filter>
    <Filter Include="Source Files\rest">
      <UniqueIdentifier>{ac679929-4ee3-4626-a8f7-4dcf2e6be76f}</UniqueIdentifier>
    </Filter>
    <Filter Include="Source Files\opengl">
      <UniqueIdentifier>{3fb59fe1-7ade-458f-abd9-a82b07934f97}</UniqueIdentifier>
    </Filter>
    <Filter Include="Header Files\rest">
      <UniqueIdentifier>{6550c4f6-aade-4676-ae31-10be8b069fff}</UniqueIdentifier>
    </Filter>
    <Filter Include="Resource Files\Shaders">
      <UniqueIdentifier>{13b812bb-4188-4b86-89e9-09a1aad3f5f0}</UniqueIdentifier>
    </Filter>
    <Filter Include="Source Files\opengl\shaders">
      <UniqueIdentifier>{42ee380c-696c-4f83-b3d1-26e33e07cac3}</UniqueIdentifier>
    </Filter>
    <Filter Include="Source Files\opengl\buffers">
      <UniqueIdentifier>{83222e42-9077-4d73-95f0-811d78590f6c}</UniqueIdentifier>
    </Filter>
    <Filter Include="Resource Files\Textures">
      <UniqueIdentifier>{ca1f2d4e-6dca-4d67-afdf-6ed39ee4a187}</UniqueIdentifier>
    </Filter>
    <Filter Include="Source Files\lib_helpers">
      <UniqueIdentifier>{ce6bf911-2942-470b-ae72-f5d2ef0ac88e}</UniqueIdentifier>
    </Filter>
    <Filter Include="Source Files\opengl\textures">
      <UniqueIdentifier>{0f889c01-af09-4cbe-aa1c-bf3e2b764212}</UniqueIdentifier>
    </Filter>
    <Filter Include="Source Files\gcode">
      <UniqueIdentifier>{35f516c3-15fd-49f5-be77-feaa56879643}</UniqueIdentifier>
    </Filter>
    <Filter Include="Source Files\opengl\engine3d">
      <UniqueIdentifier>{9d3c42b3-d6c3-4716-aaa3-03dcea0470ca}</UniqueIdentifier>
    </Filter>
    <Filter Include="Header Files\opengl">
      <UniqueIdentifier>{54f400ce-0b86-4836-8102-e43f1a0f100e}</UniqueIdentifier>
    </Filter>
    <Filter Include="Header Files\opengl\buffers">
      <UniqueIdentifier>{baa9d44d-aa6e-44eb-9d23-442935002c7b}</UniqueIdentifier>
    </Filter>
    <Filter Include="Header Files\opengl\engine3d">
      <UniqueIdentifier>{0500c4a8-a36e-415a-bcef-73dcb4beb104}</UniqueIdentifier>
    </Filter>
    <Filter Include="Header Files\opengl\gcode">
      <UniqueIdentifier>{14123aab-4759-4736-a2e3-91c28135b271}</UniqueIdentifier>
    </Filter>
    <Filter Include="Header Files\opengl\shaders">
      <UniqueIdentifier>{bef0cb0d-e0d1-416b-a9e0-ee8d1cc95fa0}</UniqueIdentifier>
    </Filter>
    <Filter Include="Header Files\opengl\textures">
      <UniqueIdentifier>{d035c0a9-8106-4547-8672-b329403253c9}</UniqueIdentifier>
    </Filter>
    <Filter Include="Source Files\opengl\engine3d\meshes">
      <UniqueIdentifier>{5cec8859-0fd7-4fb3-a477-204e75b7645d}</UniqueIdentifier>
    </Filter>
    <Filter Include="Source Files\opengl\engine3d\sceneManagment">
      <UniqueIdentifier>{75fd5434-1930-4bd5-8475-62b27e848fb2}</UniqueIdentifier>
    </Filter>
    <Filter Include="Header Files\opengl\engine3d\meshes">
      <UniqueIdentifier>{f5d88613-11d8-4a6e-bba3-c6a0b5042e65}</UniqueIdentifier>
    </Filter>
    <Filter Include="Header Files\opengl\engine3d\sceneManagment">
      <UniqueIdentifier>{78297566-6d40-4e74-a5c5-3cfb0df6041d}</UniqueIdentifier>
    </Filter>
    <Filter Include="Header Files\opengl\engine3d\filamentSimulation">
      <UniqueIdentifier>{ca3aeb88-29b0-4b09-bb80-380eafd86138}</UniqueIdentifier>
    </Filter>
    <Filter Include="Source Files\opengl\engine3d\filamentSimulator">
      <UniqueIdentifier>{d6d6e474-19cd-4b48-8d1a-b94f6989cceb}</UniqueIdentifier>
    </Filter>
    <Filter Include="Header Files\opengl\simulation">
      <UniqueIdentifier>{833f0cb7-b3b8-48b4-83c0-3b40dad98b97}</UniqueIdentifier>
    </Filter>
    <Filter Include="Source Files\opengl\simulation">
      <UniqueIdentifier>{d7289696-d9c0-4a9b-b16f-6503e623f23d}</UniqueIdentifier>
    </Filter>
    <Filter Include="Header Files\opengl\exceptions">
      <UniqueIdentifier>{5b069f89-c7cb-4fde-8110-3e0ebe000088}</UniqueIdentifier>
    </Filter>
    <Filter Include="Header Files\opengl\engine3d\filamentSimulation\simulationModes">
      <UniqueIdentifier>{8d2da783-0a78-46ef-a947-3ef3c97b0e79}</UniqueIdentifier>
    </Filter>
    <Filter Include="Source Files\opengl\engine3d\filamentSimulator\simulationModes">
      <UniqueIdentifier>{e081b554-84dc-43e9-8eb5-4dc40c84a4ad}</UniqueIdentifier>
    </Filter>
    <Filter Include="Header Files\global">
      <UniqueIdentifier>{b510b1a7-9c92-44d1-a217-e4f30eaa3a60}</UniqueIdentifier>
    </Filter>
  </ItemGroup>
  <ItemGroup>
    <ClCompile Include="rest.cpp">
      <Filter>Source Files\rest</Filter>
    </ClCompile>
    <ClCompile Include="main.cpp">
      <Filter>Source Files</Filter>
    </ClCompile>
    <ClCompile Include="shader.cpp">
      <Filter>Source Files\opengl\shaders</Filter>
    </ClCompile>
    <ClCompile Include="VBO.cpp">
      <Filter>Source Files\opengl\buffers</Filter>
    </ClCompile>
    <ClCompile Include="EBO.cpp">
      <Filter>Source Files\opengl\buffers</Filter>
    </ClCompile>
    <ClCompile Include="VAO.cpp">
      <Filter>Source Files\opengl\buffers</Filter>
    </ClCompile>
    <ClCompile Include="stb.cpp">
      <Filter>Source Files\lib_helpers</Filter>
    </ClCompile>
    <ClCompile Include="Texture.cpp">
      <Filter>Source Files\opengl\textures</Filter>
    </ClCompile>
    <ClCompile Include="GCodeParser.cpp">
      <Filter>Source Files\gcode</Filter>
    </ClCompile>
    <ClCompile Include="GCodeHelpers.cpp">
      <Filter>Source Files\gcode</Filter>
    </ClCompile>
    <ClCompile Include="camera.cpp">
      <Filter>Source Files\opengl</Filter>
    </ClCompile>
    <ClCompile Include="shaderLoader.cpp">
      <Filter>Source Files\opengl\shaders</Filter>
    </ClCompile>
    <ClCompile Include="textureLoader.cpp">
      <Filter>Source Files\opengl\textures</Filter>
    </ClCompile>
    <ClCompile Include="mesh.cpp">
      <Filter>Source Files\opengl\engine3d\meshes</Filter>
    </ClCompile>
    <ClCompile Include="instancedMesh.cpp">
      <Filter>Source Files\opengl\engine3d\meshes</Filter>
    </ClCompile>
    <ClCompile Include="scene.cpp">
      <Filter>Source Files\opengl\engine3d\sceneManagment</Filter>
    </ClCompile>
    <ClCompile Include="instancedObject.cpp">
      <Filter>Source Files\opengl\engine3d\sceneManagment</Filter>
    </ClCompile>
    <ClCompile Include="primitives.cpp">
      <Filter>Source Files\opengl\engine3d\sceneManagment</Filter>
    </ClCompile>
    <ClCompile Include="sceneObject.cpp">
      <Filter>Source Files\opengl\engine3d\sceneManagment</Filter>
    </ClCompile>
    <ClCompile Include="filamentSimulator.cpp">
      <Filter>Source Files\opengl\engine3d\filamentSimulator</Filter>
    </ClCompile>
    <ClCompile Include="simulation.cpp">
      <Filter>Source Files\opengl\simulation</Filter>
    </ClCompile>
    <ClCompile Include="simulationContext.cpp">
      <Filter>Source Files\opengl\simulation</Filter>
    </ClCompile>
    <ClCompile Include="simulationManager.cpp">
      <Filter>Source Files\opengl\simulation</Filter>
    </ClCompile>
    <ClCompile Include="fixedSizeSimulation.cpp">
      <Filter>Source Files\opengl\engine3d\filamentSimulator\simulationModes</Filter>
    </ClCompile>
    <ClCompile Include="adaptiveScaleSimulation.cpp">
      <Filter>Source Files\opengl\engine3d\filamentSimulator\simulationModes</Filter>
    </ClCompile>
    <ClCompile Include="simulationModeFactory.cpp">
      <Filter>Source Files\opengl\engine3d\filamentSimulator\simulationModes</Filter>
    </ClCompile>
    <ClCompile Include="deltaTimer.cpp">
      <Filter>Source Files\opengl\simulation</Filter>
    </ClCompile>
  </ItemGroup>
  <ItemGroup>
    <ClInclude Include="rest.h">
      <Filter>Header Files\rest</Filter>
    </ClInclude>
    <ClInclude Include="shader.h">
      <Filter>Header Files\opengl\shaders</Filter>
    </ClInclude>
    <ClInclude Include="VBO.h">
      <Filter>Header Files\opengl\buffers</Filter>
    </ClInclude>
    <ClInclude Include="EBO.h">
      <Filter>Header Files\opengl\buffers</Filter>
    </ClInclude>
    <ClInclude Include="VAO.h">
      <Filter>Header Files\opengl\buffers</Filter>
    </ClInclude>
    <ClInclude Include="Texture.h">
      <Filter>Header Files\opengl\textures</Filter>
    </ClInclude>
    <ClInclude Include="GCodeParser.h">
      <Filter>Header Files\opengl\gcode</Filter>
    </ClInclude>
    <ClInclude Include="GCodeHelpers.h">
      <Filter>Header Files\opengl\gcode</Filter>
    </ClInclude>
    <ClInclude Include="GCodeTypes.h">
      <Filter>Header Files\opengl\gcode</Filter>
    </ClInclude>
    <ClInclude Include="camera.h">
      <Filter>Header Files\opengl</Filter>
    </ClInclude>
    <ClInclude Include="shaderLoader.h">
      <Filter>Header Files\opengl\shaders</Filter>
    </ClInclude>
    <ClInclude Include="textureLoader.h">
      <Filter>Header Files\opengl\textures</Filter>
    </ClInclude>
    <ClInclude Include="instancedMesh.h">
      <Filter>Header Files\opengl\engine3d\meshes</Filter>
    </ClInclude>
    <ClInclude Include="mesh.h">
      <Filter>Header Files\opengl\engine3d\meshes</Filter>
    </ClInclude>
    <ClInclude Include="instancedObject.h">
      <Filter>Header Files\opengl\engine3d\sceneManagment</Filter>
    </ClInclude>
    <ClInclude Include="matrixStack.h">
      <Filter>Header Files\opengl\engine3d\sceneManagment</Filter>
    </ClInclude>
    <ClInclude Include="primitives.h">
      <Filter>Header Files\opengl\engine3d\sceneManagment</Filter>
    </ClInclude>
    <ClInclude Include="scene.h">
      <Filter>Header Files\opengl\engine3d\sceneManagment</Filter>
    </ClInclude>
    <ClInclude Include="sceneObject.h">
      <Filter>Header Files\opengl\engine3d\sceneManagment</Filter>
    </ClInclude>
    <ClInclude Include="filamentSimulator.h">
      <Filter>Header Files\opengl\engine3d\filamentSimulation</Filter>
    </ClInclude>
    <ClInclude Include="simulation.h">
      <Filter>Header Files\opengl\simulation</Filter>
    </ClInclude>
    <ClInclude Include="simulationContext.h">
      <Filter>Header Files\opengl\simulation</Filter>
    </ClInclude>
    <ClInclude Include="simulationManager.h">
      <Filter>Header Files\opengl\simulation</Filter>
    </ClInclude>
    <ClInclude Include="exceptions.h">
      <Filter>Header Files\opengl\exceptions</Filter>
    </ClInclude>
    <ClInclude Include="ISimulationMode.h">
      <Filter>Header Files\opengl\engine3d\filamentSimulation\simulationModes</Filter>
    </ClInclude>
    <ClInclude Include="fixedSizeSimulation.h">
      <Filter>Header Files\opengl\engine3d\filamentSimulation\simulationModes</Filter>
    </ClInclude>
    <ClInclude Include="adaptiveScaleSimulation.h">
      <Filter>Header Files\opengl\engine3d\filamentSimulation\simulationModes</Filter>
    </ClInclude>
    <ClInclude Include="simulationModeFactory.h">
      <Filter>Header Files\opengl\engine3d\filamentSimulation\simulationModes</Filter>
    </ClInclude>
    <ClInclude Include="deltaTimer.h">
      <Filter>Header Files\opengl\simulation</Filter>
    </ClInclude>
    <ClInclude Include="simulationState.h">
      <Filter>Header Files\global</Filter>
    </ClInclude>
  </ItemGroup>
  <ItemGroup>
    <None Include="default.vert">
      <Filter>Resource Files\Shaders</Filter>
    </None>
    <None Include="default.frag">
      <Filter>Resource Files\Shaders</Filter>
    </None>
    <None Include="filament.vert">
      <Filter>Resource Files\Shaders</Filter>
    </None>
    <None Include="filament.frag">
      <Filter>Resource Files\Shaders</Filter>
    </None>
  </ItemGroup>
  <ItemGroup>
    <Image Include="br.png">
      <Filter>Resource Files</Filter>
    </Image>
  </ItemGroup>
</Project>